
Microsoft Visual Studio Solution File, Format Version 12.00
# Visual Studio Version 17
VisualStudioVersion = 17.8.34330.188
MinimumVisualStudioVersion = 10.0.40219.1
Project("{9A19103F-16F7-4668-BE54-9A1E7A4F7556}") = "MasterApiTatis", "MasterApiTatis\MasterApiTatis.csproj", "{FE76F54C-4D78-40B5-82D4-29C4052C5603}"
EndProject
Global
	GlobalSection(SolutionConfigurationPlatforms) = preSolution
		Debug|Any CPU = Debug|Any CPU
		Release|Any CPU = Release|Any CPU
	EndGlobalSection
	GlobalSection(ProjectConfigurationPlatforms) = postSolution
		{FE76F54C-4D78-40B5-82D4-29C4052C5603}.Debug|Any CPU.ActiveCfg = Debug|Any CPU
		{FE76F54C-4D78-40B5-82D4-29C4052C5603}.Debug|Any CPU.Build.0 = Debug|Any CPU
		{FE76F54C-4D78-40B5-82D4-29C4052C5603}.Release|Any CPU.ActiveCfg = Release|Any CPU
		{FE76F54C-4D78-40B5-82D4-29C4052C5603}.Release|Any CPU.Build.0 = Release|Any CPU
	EndGlobalSection
	GlobalSection(SolutionProperties) = preSolution
		HideSolutionNode = FALSE
	EndGlobalSection
	GlobalSection(ExtensibilityGlobals) = postSolution
		SolutionGuid = {27685DD5-871A-4823-B03A-CB79D551D782}
	EndGlobalSection
EndGlobal
